{
  "requires": true,
  "lockfileVersion": 1,
  "dependencies": {
    "gitbook-plugin-katex": {
      "version": "1.1.4",
      "resolved": "https://registry.npmjs.org/gitbook-plugin-katex/-/gitbook-plugin-katex-1.1.4.tgz",
      "integrity": "sha1-nTI++t0mw0CFJsXCJ+vbTBEg2aw=",
      "requires": {
        "katex": "0.7.1"
      }
    },
    "katex": {
      "version": "0.7.1",
      "resolved": "https://registry.npmjs.org/katex/-/katex-0.7.1.tgz",
      "integrity": "sha1-BrtSmO+tBeHnIoA1uo4VkfMGG48=",
      "requires": {
        "match-at": "0.1.1"
      }
    },
    "match-at": {
      "version": "0.1.1",
      "resolved": "https://registry.npmjs.org/match-at/-/match-at-0.1.1.tgz",
      "integrity": "sha1-JdBA0pF3dwTV5lVru3kjDsLeBUA="
    }
  }
}
